
Microsoft Visual Studio Solution File, Format Version 12.00
# Visual Studio Version 17
VisualStudioVersion = 17.4.33122.133
MinimumVisualStudioVersion = 10.0.40219.1
Project("{9A19103F-16F7-4668-BE54-9A1E7A4F7556}") = "1", "1\1.csproj", "{4A74700A-5FC2-4119-B212-C6F824EA6B76}"
EndProject
Global
	GlobalSection(SolutionConfigurationPlatforms) = preSolution
		Debug|Any CPU = Debug|Any CPU
		Release|Any CPU = Release|Any CPU
	EndGlobalSection
	GlobalSection(ProjectConfigurationPlatforms) = postSolution
		{4A74700A-5FC2-4119-B212-C6F824EA6B76}.Debug|Any CPU.ActiveCfg = Debug|Any CPU
		{4A74700A-5FC2-4119-B212-C6F824EA6B76}.Debug|Any CPU.Build.0 = Debug|Any CPU
		{4A74700A-5FC2-4119-B212-C6F824EA6B76}.Release|Any CPU.ActiveCfg = Release|Any CPU
		{4A74700A-5FC2-4119-B212-C6F824EA6B76}.Release|Any CPU.Build.0 = Release|Any CPU
	EndGlobalSection
	GlobalSection(SolutionProperties) = preSolution
		HideSolutionNode = FALSE
	EndGlobalSection
	GlobalSection(ExtensibilityGlobals) = postSolution
		SolutionGuid = {B69D3011-6CBF-4732-95A0-3C71FDF0CFFF}
	EndGlobalSection
EndGlobal
